// !$*UTF8*$!
{
	archiveVersion = 1;
	classes = {
	};
	objectVersion = 50;
	objects = {

/* Begin PBXBuildFile section */
		F359FD77274BE05D001AB406 /* AppDelegate.swift in Sources */ = {isa = PBXBuildFile; fileRef = F359FD76274BE05D001AB406 /* AppDelegate.swift */; };
		F359FD79274BE05D001AB406 /* SceneDelegate.swift in Sources */ = {isa = PBXBuildFile; fileRef = F359FD78274BE05D001AB406 /* SceneDelegate.swift */; };
		F359FD7B274BE05D001AB406 /* ViewController.swift in Sources */ = {isa = PBXBuildFile; fileRef = F359FD7A274BE05D001AB406 /* ViewController.swift */; };
		F359FD7E274BE05D001AB406 /* Main.storyboard in Resources */ = {isa = PBXBuildFile; fileRef = F359FD7C274BE05D001AB406 /* Main.storyboard */; };
		F359FD80274BE060001AB406 /* Assets.xcassets in Resources */ = {isa = PBXBuildFile; fileRef = F359FD7F274BE060001AB406 /* Assets.xcassets */; };
		F359FD83274BE060001AB406 /* LaunchScreen.storyboard in Resources */ = {isa = PBXBuildFile; fileRef = F359FD81274BE060001AB406 /* LaunchScreen.storyboard */; };
		F3677BF72754F5C500279675 /* ArrayManipulator.swift in Sources */ = {isa = PBXBuildFile; fileRef = F3677BF62754F5C500279675 /* ArrayManipulator.swift */; };
		F36AF029276123B0006578B2 /* collectionsArrayTests.swift in Sources */ = {isa = PBXBuildFile; fileRef = F36AF028276123B0006578B2 /* collectionsArrayTests.swift */; };
		F36AF037276123C7006578B2 /* collectionsUITests.swift in Sources */ = {isa = PBXBuildFile; fileRef = F36AF036276123C7006578B2 /* collectionsUITests.swift */; };
		F36AF03F276124E0006578B2 /* CollectionsSetTests.swift in Sources */ = {isa = PBXBuildFile; fileRef = F36AF03E276124E0006578B2 /* CollectionsSetTests.swift */; };
		F37BA53D275E40A5001FED27 /* DictionaryOptionsCollectionViewCell.swift in Sources */ = {isa = PBXBuildFile; fileRef = F37BA53C275E40A5001FED27 /* DictionaryOptionsCollectionViewCell.swift */; };
		F3960AF52758D38D0030BD5F /* ArrayOptionsCollectionViewCell.swift in Sources */ = {isa = PBXBuildFile; fileRef = F3960AF42758D38D0030BD5F /* ArrayOptionsCollectionViewCell.swift */; };
		F3960AF7275A96240030BD5F /* SetManipulator.swift in Sources */ = {isa = PBXBuildFile; fileRef = F3960AF6275A96240030BD5F /* SetManipulator.swift */; };
		F3960AF9275AB2290030BD5F /* DictionaryManipulator.swift in Sources */ = {isa = PBXBuildFile; fileRef = F3960AF8275AB2290030BD5F /* DictionaryManipulator.swift */; };
		F3AEED58274E9C5000EFFE3C /* ArrayViewController.swift in Sources */ = {isa = PBXBuildFile; fileRef = F3AEED57274E9C5000EFFE3C /* ArrayViewController.swift */; };
		F3AEED61274F98A200EFFE3C /* SetViewController.swift in Sources */ = {isa = PBXBuildFile; fileRef = F3AEED60274F98A200EFFE3C /* SetViewController.swift */; };
		F3AEED63274F98C200EFFE3C /* DictionaryViewController.swift in Sources */ = {isa = PBXBuildFile; fileRef = F3AEED62274F98C200EFFE3C /* DictionaryViewController.swift */; };
/* End PBXBuildFile section */

/* Begin PBXContainerItemProxy section */
		F36AF02B276123B0006578B2 /* PBXContainerItemProxy */ = {
			isa = PBXContainerItemProxy;
			containerPortal = F359FD6B274BE05D001AB406 /* Project object */;
			proxyType = 1;
			remoteGlobalIDString = F359FD72274BE05D001AB406;
			remoteInfo = collections;
		};
		F36AF039276123C7006578B2 /* PBXContainerItemProxy */ = {
			isa = PBXContainerItemProxy;
			containerPortal = F359FD6B274BE05D001AB406 /* Project object */;
			proxyType = 1;
			remoteGlobalIDString = F359FD72274BE05D001AB406;
			remoteInfo = collections;
		};
/* End PBXContainerItemProxy section */

/* Begin PBXFileReference section */
		F359FD73274BE05D001AB406 /* collections.app */ = {isa = PBXFileReference; explicitFileType = wrapper.application; includeInIndex = 0; path = collections.app; sourceTree = BUILT_PRODUCTS_DIR; };
		F359FD76274BE05D001AB406 /* AppDelegate.swift */ = {isa = PBXFileReference; lastKnownFileType = sourcecode.swift; path = AppDelegate.swift; sourceTree = "<group>"; };
		F359FD78274BE05D001AB406 /* SceneDelegate.swift */ = {isa = PBXFileReference; lastKnownFileType = sourcecode.swift; path = SceneDelegate.swift; sourceTree = "<group>"; };
		F359FD7A274BE05D001AB406 /* ViewController.swift */ = {isa = PBXFileReference; lastKnownFileType = sourcecode.swift; path = ViewController.swift; sourceTree = "<group>"; };
		F359FD7D274BE05D001AB406 /* Base */ = {isa = PBXFileReference; lastKnownFileType = file.storyboard; name = Base; path = Base.lproj/Main.storyboard; sourceTree = "<group>"; };
		F359FD7F274BE060001AB406 /* Assets.xcassets */ = {isa = PBXFileReference; lastKnownFileType = folder.assetcatalog; path = Assets.xcassets; sourceTree = "<group>"; };
		F359FD82274BE060001AB406 /* Base */ = {isa = PBXFileReference; lastKnownFileType = file.storyboard; name = Base; path = Base.lproj/LaunchScreen.storyboard; sourceTree = "<group>"; };
		F359FD84274BE060001AB406 /* Info.plist */ = {isa = PBXFileReference; lastKnownFileType = text.plist.xml; path = Info.plist; sourceTree = "<group>"; };
		F3677BF62754F5C500279675 /* ArrayManipulator.swift */ = {isa = PBXFileReference; lastKnownFileType = sourcecode.swift; path = ArrayManipulator.swift; sourceTree = "<group>"; };
		F36AF026276123B0006578B2 /* collectionsTests.xctest */ = {isa = PBXFileReference; explicitFileType = wrapper.cfbundle; includeInIndex = 0; path = collectionsTests.xctest; sourceTree = BUILT_PRODUCTS_DIR; };
		F36AF028276123B0006578B2 /* collectionsArrayTests.swift */ = {isa = PBXFileReference; lastKnownFileType = sourcecode.swift; path = collectionsArrayTests.swift; sourceTree = "<group>"; };
		F36AF02A276123B0006578B2 /* Info.plist */ = {isa = PBXFileReference; lastKnownFileType = text.plist.xml; path = Info.plist; sourceTree = "<group>"; };
		F36AF034276123C7006578B2 /* collectionsUITests.xctest */ = {isa = PBXFileReference; explicitFileType = wrapper.cfbundle; includeInIndex = 0; path = collectionsUITests.xctest; sourceTree = BUILT_PRODUCTS_DIR; };
		F36AF036276123C7006578B2 /* collectionsUITests.swift */ = {isa = PBXFileReference; lastKnownFileType = sourcecode.swift; path = collectionsUITests.swift; sourceTree = "<group>"; };
		F36AF038276123C7006578B2 /* Info.plist */ = {isa = PBXFileReference; lastKnownFileType = text.plist.xml; path = Info.plist; sourceTree = "<group>"; };
		F36AF03E276124E0006578B2 /* CollectionsSetTests.swift */ = {isa = PBXFileReference; lastKnownFileType = sourcecode.swift; path = CollectionsSetTests.swift; sourceTree = "<group>"; };
		F37BA53C275E40A5001FED27 /* DictionaryOptionsCollectionViewCell.swift */ = {isa = PBXFileReference; lastKnownFileType = sourcecode.swift; path = DictionaryOptionsCollectionViewCell.swift; sourceTree = "<group>"; };
		F3960AF42758D38D0030BD5F /* ArrayOptionsCollectionViewCell.swift */ = {isa = PBXFileReference; lastKnownFileType = sourcecode.swift; path = ArrayOptionsCollectionViewCell.swift; sourceTree = "<group>"; };
		F3960AF6275A96240030BD5F /* SetManipulator.swift */ = {isa = PBXFileReference; lastKnownFileType = sourcecode.swift; path = SetManipulator.swift; sourceTree = "<group>"; };
		F3960AF8275AB2290030BD5F /* DictionaryManipulator.swift */ = {isa = PBXFileReference; lastKnownFileType = sourcecode.swift; path = DictionaryManipulator.swift; sourceTree = "<group>"; };
		F3AEED57274E9C5000EFFE3C /* ArrayViewController.swift */ = {isa = PBXFileReference; lastKnownFileType = sourcecode.swift; path = ArrayViewController.swift; sourceTree = "<group>"; };
		F3AEED60274F98A200EFFE3C /* SetViewController.swift */ = {isa = PBXFileReference; lastKnownFileType = sourcecode.swift; path = SetViewController.swift; sourceTree = "<group>"; };
		F3AEED62274F98C200EFFE3C /* DictionaryViewController.swift */ = {isa = PBXFileReference; lastKnownFileType = sourcecode.swift; path = DictionaryViewController.swift; sourceTree = "<group>"; };
/* End PBXFileReference section */

/* Begin PBXFrameworksBuildPhase section */
		F359FD70274BE05D001AB406 /* Frameworks */ = {
			isa = PBXFrameworksBuildPhase;
			buildActionMask = 2147483647;
			files = (
			);
			runOnlyForDeploymentPostprocessing = 0;
		};
		F36AF023276123B0006578B2 /* Frameworks */ = {
			isa = PBXFrameworksBuildPhase;
			buildActionMask = 2147483647;
			files = (
			);
			runOnlyForDeploymentPostprocessing = 0;
		};
		F36AF031276123C7006578B2 /* Frameworks */ = {
			isa = PBXFrameworksBuildPhase;
			buildActionMask = 2147483647;
			files = (
			);
			runOnlyForDeploymentPostprocessing = 0;
		};
/* End PBXFrameworksBuildPhase section */

/* Begin PBXGroup section */
		F31D5F702750CEE400B4FE54 /* Array */ = {
			isa = PBXGroup;
			children = (
				F3677BF62754F5C500279675 /* ArrayManipulator.swift */,
				F3AEED57274E9C5000EFFE3C /* ArrayViewController.swift */,
				F3960AF42758D38D0030BD5F /* ArrayOptionsCollectionViewCell.swift */,
			);
			path = Array;
			sourceTree = "<group>";
		};
		F31D5F7D2751340700B4FE54 /* Set */ = {
			isa = PBXGroup;
			children = (
				F3960AF6275A96240030BD5F /* SetManipulator.swift */,
				F3AEED60274F98A200EFFE3C /* SetViewController.swift */,
			);
			path = Set;
			sourceTree = "<group>";
		};
		F31D5F7E2751342600B4FE54 /* Dictionary */ = {
			isa = PBXGroup;
			children = (
				F3960AF8275AB2290030BD5F /* DictionaryManipulator.swift */,
				F3AEED62274F98C200EFFE3C /* DictionaryViewController.swift */,
				F37BA53C275E40A5001FED27 /* DictionaryOptionsCollectionViewCell.swift */,
			);
			path = Dictionary;
			sourceTree = "<group>";
		};
		F359FD6A274BE05D001AB406 = {
			isa = PBXGroup;
			children = (
				F359FD75274BE05D001AB406 /* collections */,
				F36AF027276123B0006578B2 /* collectionsTests */,
				F36AF035276123C7006578B2 /* collectionsUITests */,
				F359FD74274BE05D001AB406 /* Products */,
			);
			sourceTree = "<group>";
		};
		F359FD74274BE05D001AB406 /* Products */ = {
			isa = PBXGroup;
			children = (
				F359FD73274BE05D001AB406 /* collections.app */,
				F36AF026276123B0006578B2 /* collectionsTests.xctest */,
				F36AF034276123C7006578B2 /* collectionsUITests.xctest */,
			);
			name = Products;
			sourceTree = "<group>";
		};
		F359FD75274BE05D001AB406 /* collections */ = {
			isa = PBXGroup;
			children = (
				F359FD76274BE05D001AB406 /* AppDelegate.swift */,
				F359FD78274BE05D001AB406 /* SceneDelegate.swift */,
				F359FD7A274BE05D001AB406 /* ViewController.swift */,
				F31D5F7E2751342600B4FE54 /* Dictionary */,
				F31D5F7D2751340700B4FE54 /* Set */,
				F31D5F702750CEE400B4FE54 /* Array */,
				F359FD7C274BE05D001AB406 /* Main.storyboard */,
				F359FD7F274BE060001AB406 /* Assets.xcassets */,
				F359FD81274BE060001AB406 /* LaunchScreen.storyboard */,
				F359FD84274BE060001AB406 /* Info.plist */,
			);
			path = collections;
			sourceTree = "<group>";
		};
		F36AF027276123B0006578B2 /* collectionsTests */ = {
			isa = PBXGroup;
			children = (
				F36AF03E276124E0006578B2 /* CollectionsSetTests.swift */,
				F36AF028276123B0006578B2 /* collectionsArrayTests.swift */,
				F36AF02A276123B0006578B2 /* Info.plist */,
			);
			path = collectionsTests;
			sourceTree = "<group>";
		};
		F36AF035276123C7006578B2 /* collectionsUITests */ = {
			isa = PBXGroup;
			children = (
				F36AF036276123C7006578B2 /* collectionsUITests.swift */,
				F36AF038276123C7006578B2 /* Info.plist */,
			);
			path = collectionsUITests;
			sourceTree = "<group>";
		};
/* End PBXGroup section */

/* Begin PBXNativeTarget section */
		F359FD72274BE05D001AB406 /* collections */ = {
			isa = PBXNativeTarget;
			buildConfigurationList = F359FD87274BE060001AB406 /* Build configuration list for PBXNativeTarget "collections" */;
			buildPhases = (
				F359FD6F274BE05D001AB406 /* Sources */,
				F359FD70274BE05D001AB406 /* Frameworks */,
				F359FD71274BE05D001AB406 /* Resources */,
			);
			buildRules = (
			);
			dependencies = (
			);
			name = collections;
			productName = collections;
			productReference = F359FD73274BE05D001AB406 /* collections.app */;
			productType = "com.apple.product-type.application";
		};
		F36AF025276123B0006578B2 /* collectionsTests */ = {
			isa = PBXNativeTarget;
			buildConfigurationList = F36AF02F276123B0006578B2 /* Build configuration list for PBXNativeTarget "collectionsTests" */;
			buildPhases = (
				F36AF022276123B0006578B2 /* Sources */,
				F36AF023276123B0006578B2 /* Frameworks */,
				F36AF024276123B0006578B2 /* Resources */,
			);
			buildRules = (
			);
			dependencies = (
				F36AF02C276123B0006578B2 /* PBXTargetDependency */,
			);
			name = collectionsTests;
			productName = collectionsTests;
			productReference = F36AF026276123B0006578B2 /* collectionsTests.xctest */;
			productType = "com.apple.product-type.bundle.unit-test";
		};
		F36AF033276123C7006578B2 /* collectionsUITests */ = {
			isa = PBXNativeTarget;
			buildConfigurationList = F36AF03B276123C7006578B2 /* Build configuration list for PBXNativeTarget "collectionsUITests" */;
			buildPhases = (
				F36AF030276123C7006578B2 /* Sources */,
				F36AF031276123C7006578B2 /* Frameworks */,
				F36AF032276123C7006578B2 /* Resources */,
			);
			buildRules = (
			);
			dependencies = (
				F36AF03A276123C7006578B2 /* PBXTargetDependency */,
			);
			name = collectionsUITests;
			productName = collectionsUITests;
			productReference = F36AF034276123C7006578B2 /* collectionsUITests.xctest */;
			productType = "com.apple.product-type.bundle.ui-testing";
		};
/* End PBXNativeTarget section */

/* Begin PBXProject section */
		F359FD6B274BE05D001AB406 /* Project object */ = {
			isa = PBXProject;
			attributes = {
				LastSwiftUpdateCheck = 1250;
				LastUpgradeCheck = 1250;
				TargetAttributes = {
					F359FD72274BE05D001AB406 = {
						CreatedOnToolsVersion = 12.5.1;
					};
					F36AF025276123B0006578B2 = {
						CreatedOnToolsVersion = 12.5.1;
						TestTargetID = F359FD72274BE05D001AB406;
					};
					F36AF033276123C7006578B2 = {
						CreatedOnToolsVersion = 12.5.1;
						TestTargetID = F359FD72274BE05D001AB406;
					};
				};
			};
			buildConfigurationList = F359FD6E274BE05D001AB406 /* Build configuration list for PBXProject "collections" */;
			compatibilityVersion = "Xcode 9.3";
			developmentRegion = en;
			hasScannedForEncodings = 0;
			knownRegions = (
				en,
				Base,
			);
			mainGroup = F359FD6A274BE05D001AB406;
			productRefGroup = F359FD74274BE05D001AB406 /* Products */;
			projectDirPath = "";
			projectRoot = "";
			targets = (
				F359FD72274BE05D001AB406 /* collections */,
				F36AF025276123B0006578B2 /* collectionsTests */,
				F36AF033276123C7006578B2 /* collectionsUITests */,
			);
		};
/* End PBXProject section */

/* Begin PBXResourcesBuildPhase section */
		F359FD71274BE05D001AB406 /* Resources */ = {
			isa = PBXResourcesBuildPhase;
			buildActionMask = 2147483647;
			files = (
				F359FD83274BE060001AB406 /* LaunchScreen.storyboard in Resources */,
				F359FD80274BE060001AB406 /* Assets.xcassets in Resources */,
				F359FD7E274BE05D001AB406 /* Main.storyboard in Resources */,
			);
			runOnlyForDeploymentPostprocessing = 0;
		};
		F36AF024276123B0006578B2 /* Resources */ = {
			isa = PBXResourcesBuildPhase;
			buildActionMask = 2147483647;
			files = (
			);
			runOnlyForDeploymentPostprocessing = 0;
		};
		F36AF032276123C7006578B2 /* Resources */ = {
			isa = PBXResourcesBuildPhase;
			buildActionMask = 2147483647;
			files = (
			);
			runOnlyForDeploymentPostprocessing = 0;
		};
/* End PBXResourcesBuildPhase section */

/* Begin PBXSourcesBuildPhase section */
		F359FD6F274BE05D001AB406 /* Sources */ = {
			isa = PBXSourcesBuildPhase;
			buildActionMask = 2147483647;
			files = (
				F3960AF9275AB2290030BD5F /* DictionaryManipulator.swift in Sources */,
				F3AEED63274F98C200EFFE3C /* DictionaryViewController.swift in Sources */,
				F3960AF52758D38D0030BD5F /* ArrayOptionsCollectionViewCell.swift in Sources */,
				F3960AF7275A96240030BD5F /* SetManipulator.swift in Sources */,
				F3AEED58274E9C5000EFFE3C /* ArrayViewController.swift in Sources */,
				F3AEED61274F98A200EFFE3C /* SetViewController.swift in Sources */,
				F359FD7B274BE05D001AB406 /* ViewController.swift in Sources */,
				F3677BF72754F5C500279675 /* ArrayManipulator.swift in Sources */,
				F37BA53D275E40A5001FED27 /* DictionaryOptionsCollectionViewCell.swift in Sources */,
				F359FD77274BE05D001AB406 /* AppDelegate.swift in Sources */,
				F359FD79274BE05D001AB406 /* SceneDelegate.swift in Sources */,
			);
			runOnlyForDeploymentPostprocessing = 0;
		};
		F36AF022276123B0006578B2 /* Sources */ = {
			isa = PBXSourcesBuildPhase;
			buildActionMask = 2147483647;
			files = (
				F36AF03F276124E0006578B2 /* CollectionsSetTests.swift in Sources */,
				F36AF029276123B0006578B2 /* collectionsArrayTests.swift in Sources */,
			);
			runOnlyForDeploymentPostprocessing = 0;
		};
		F36AF030276123C7006578B2 /* Sources */ = {
			isa = PBXSourcesBuildPhase;
			buildActionMask = 2147483647;
			files = (
				F36AF037276123C7006578B2 /* collectionsUITests.swift in Sources */,
			);
			runOnlyForDeploymentPostprocessing = 0;
		};
/* End PBXSourcesBuildPhase section */

/* Begin PBXTargetDependency section */
		F36AF02C276123B0006578B2 /* PBXTargetDependency */ = {
			isa = PBXTargetDependency;
			target = F359FD72274BE05D001AB406 /* collections */;
			targetProxy = F36AF02B276123B0006578B2 /* PBXContainerItemProxy */;
		};
		F36AF03A276123C7006578B2 /* PBXTargetDependency */ = {
			isa = PBXTargetDependency;
			target = F359FD72274BE05D001AB406 /* collections */;
			targetProxy = F36AF039276123C7006578B2 /* PBXContainerItemProxy */;
		};
/* End PBXTargetDependency section */

/* Begin PBXVariantGroup section */
		F359FD7C274BE05D001AB406 /* Main.storyboard */ = {
			isa = PBXVariantGroup;
			children = (
				F359FD7D274BE05D001AB406 /* Base */,
			);
			name = Main.storyboard;
			sourceTree = "<group>";
		};
		F359FD81274BE060001AB406 /* LaunchScreen.storyboard */ = {
			isa = PBXVariantGroup;
			children = (
				F359FD82274BE060001AB406 /* Base */,
			);
			name = LaunchScreen.storyboard;
			sourceTree = "<group>";
		};
/* End PBXVariantGroup section */

/* Begin XCBuildConfiguration section */
		F359FD85274BE060001AB406 /* Debug */ = {
			isa = XCBuildConfiguration;
			buildSettings = {
				ALWAYS_SEARCH_USER_PATHS = NO;
				CLANG_ANALYZER_NONNULL = YES;
				CLANG_ANALYZER_NUMBER_OBJECT_CONVERSION = YES_AGGRESSIVE;
				CLANG_CXX_LANGUAGE_STANDARD = "gnu++14";
				CLANG_CXX_LIBRARY = "libc++";
				CLANG_ENABLE_MODULES = YES;
				CLANG_ENABLE_OBJC_ARC = YES;
				CLANG_ENABLE_OBJC_WEAK = YES;
				CLANG_WARN_BLOCK_CAPTURE_AUTORELEASING = YES;
				CLANG_WARN_BOOL_CONVERSION = YES;
				CLANG_WARN_COMMA = YES;
				CLANG_WARN_CONSTANT_CONVERSION = YES;
				CLANG_WARN_DEPRECATED_OBJC_IMPLEMENTATIONS = YES;
				CLANG_WARN_DIRECT_OBJC_ISA_USAGE = YES_ERROR;
				CLANG_WARN_DOCUMENTATION_COMMENTS = YES;
				CLANG_WARN_EMPTY_BODY = YES;
				CLANG_WARN_ENUM_CONVERSION = YES;
				CLANG_WARN_INFINITE_RECURSION = YES;
				CLANG_WARN_INT_CONVERSION = YES;
				CLANG_WARN_NON_LITERAL_NULL_CONVERSION = YES;
				CLANG_WARN_OBJC_IMPLICIT_RETAIN_SELF = YES;
				CLANG_WARN_OBJC_LITERAL_CONVERSION = YES;
				CLANG_WARN_OBJC_ROOT_CLASS = YES_ERROR;
				CLANG_WARN_QUOTED_INCLUDE_IN_FRAMEWORK_HEADER = YES;
				CLANG_WARN_RANGE_LOOP_ANALYSIS = YES;
				CLANG_WARN_STRICT_PROTOTYPES = YES;
				CLANG_WARN_SUSPICIOUS_MOVE = YES;
				CLANG_WARN_UNGUARDED_AVAILABILITY = YES_AGGRESSIVE;
				CLANG_WARN_UNREACHABLE_CODE = YES;
				CLANG_WARN__DUPLICATE_METHOD_MATCH = YES;
				COPY_PHASE_STRIP = NO;
				DEBUG_INFORMATION_FORMAT = dwarf;
				ENABLE_STRICT_OBJC_MSGSEND = YES;
				ENABLE_TESTABILITY = YES;
				GCC_C_LANGUAGE_STANDARD = gnu11;
				GCC_DYNAMIC_NO_PIC = NO;
				GCC_NO_COMMON_BLOCKS = YES;
				GCC_OPTIMIZATION_LEVEL = 0;
				GCC_PREPROCESSOR_DEFINITIONS = (
					"DEBUG=1",
					"$(inherited)",
				);
				GCC_WARN_64_TO_32_BIT_CONVERSION = YES;
				GCC_WARN_ABOUT_RETURN_TYPE = YES_ERROR;
				GCC_WARN_UNDECLARED_SELECTOR = YES;
				GCC_WARN_UNINITIALIZED_AUTOS = YES_AGGRESSIVE;
				GCC_WARN_UNUSED_FUNCTION = YES;
				GCC_WARN_UNUSED_VARIABLE = YES;
				IPHONEOS_DEPLOYMENT_TARGET = 14.5;
				MTL_ENABLE_DEBUG_INFO = INCLUDE_SOURCE;
				MTL_FAST_MATH = YES;
				ONLY_ACTIVE_ARCH = YES;
				SDKROOT = iphoneos;
				SWIFT_ACTIVE_COMPILATION_CONDITIONS = DEBUG;
				SWIFT_OPTIMIZATION_LEVEL = "-Onone";
			};
			name = Debug;
		};
		F359FD86274BE060001AB406 /* Release */ = {
			isa = XCBuildConfiguration;
			buildSettings = {
				ALWAYS_SEARCH_USER_PATHS = NO;
				CLANG_ANALYZER_NONNULL = YES;
				CLANG_ANALYZER_NUMBER_OBJECT_CONVERSION = YES_AGGRESSIVE;
				CLANG_CXX_LANGUAGE_STANDARD = "gnu++14";
				CLANG_CXX_LIBRARY = "libc++";
				CLANG_ENABLE_MODULES = YES;
				CLANG_ENABLE_OBJC_ARC = YES;
				CLANG_ENABLE_OBJC_WEAK = YES;
				CLANG_WARN_BLOCK_CAPTURE_AUTORELEASING = YES;
				CLANG_WARN_BOOL_CONVERSION = YES;
				CLANG_WARN_COMMA = YES;
				CLANG_WARN_CONSTANT_CONVERSION = YES;
				CLANG_WARN_DEPRECATED_OBJC_IMPLEMENTATIONS = YES;
				CLANG_WARN_DIRECT_OBJC_ISA_USAGE = YES_ERROR;
				CLANG_WARN_DOCUMENTATION_COMMENTS = YES;
				CLANG_WARN_EMPTY_BODY = YES;
				CLANG_WARN_ENUM_CONVERSION = YES;
				CLANG_WARN_INFINITE_RECURSION = YES;
				CLANG_WARN_INT_CONVERSION = YES;
				CLANG_WARN_NON_LITERAL_NULL_CONVERSION = YES;
				CLANG_WARN_OBJC_IMPLICIT_RETAIN_SELF = YES;
				CLANG_WARN_OBJC_LITERAL_CONVERSION = YES;
				CLANG_WARN_OBJC_ROOT_CLASS = YES_ERROR;
				CLANG_WARN_QUOTED_INCLUDE_IN_FRAMEWORK_HEADER = YES;
				CLANG_WARN_RANGE_LOOP_ANALYSIS = YES;
				CLANG_WARN_STRICT_PROTOTYPES = YES;
				CLANG_WARN_SUSPICIOUS_MOVE = YES;
				CLANG_WARN_UNGUARDED_AVAILABILITY = YES_AGGRESSIVE;
				CLANG_WARN_UNREACHABLE_CODE = YES;
				CLANG_WARN__DUPLICATE_METHOD_MATCH = YES;
				COPY_PHASE_STRIP = NO;
				DEBUG_INFORMATION_FORMAT = "dwarf-with-dsym";
				ENABLE_NS_ASSERTIONS = NO;
				ENABLE_STRICT_OBJC_MSGSEND = YES;
				GCC_C_LANGUAGE_STANDARD = gnu11;
				GCC_NO_COMMON_BLOCKS = YES;
				GCC_WARN_64_TO_32_BIT_CONVERSION = YES;
				GCC_WARN_ABOUT_RETURN_TYPE = YES_ERROR;
				GCC_WARN_UNDECLARED_SELECTOR = YES;
				GCC_WARN_UNINITIALIZED_AUTOS = YES_AGGRESSIVE;
				GCC_WARN_UNUSED_FUNCTION = YES;
				GCC_WARN_UNUSED_VARIABLE = YES;
				IPHONEOS_DEPLOYMENT_TARGET = 14.5;
				MTL_ENABLE_DEBUG_INFO = NO;
				MTL_FAST_MATH = YES;
				SDKROOT = iphoneos;
				SWIFT_COMPILATION_MODE = wholemodule;
				SWIFT_OPTIMIZATION_LEVEL = "-O";
				VALIDATE_PRODUCT = YES;
			};
			name = Release;
		};
		F359FD88274BE060001AB406 /* Debug */ = {
			isa = XCBuildConfiguration;
			buildSettings = {
				ASSETCATALOG_COMPILER_APPICON_NAME = AppIcon;
				ASSETCATALOG_COMPILER_GLOBAL_ACCENT_COLOR_NAME = AccentColor;
				CODE_SIGN_STYLE = Automatic;
				INFOPLIST_FILE = collections/Info.plist;
				LD_RUNPATH_SEARCH_PATHS = (
					"$(inherited)",
					"@executable_path/Frameworks",
				);
				PRODUCT_BUNDLE_IDENTIFIER = DimaParachute.collections;
				PRODUCT_NAME = "$(TARGET_NAME)";
				SWIFT_VERSION = 5.0;
				TARGETED_DEVICE_FAMILY = 1;
			};
			name = Debug;
		};
		F359FD89274BE060001AB406 /* Release */ = {
			isa = XCBuildConfiguration;
			buildSettings = {
				ASSETCATALOG_COMPILER_APPICON_NAME = AppIcon;
				ASSETCATALOG_COMPILER_GLOBAL_ACCENT_COLOR_NAME = AccentColor;
				CODE_SIGN_STYLE = Automatic;
				INFOPLIST_FILE = collections/Info.plist;
				LD_RUNPATH_SEARCH_PATHS = (
					"$(inherited)",
					"@executable_path/Frameworks",
				);
				PRODUCT_BUNDLE_IDENTIFIER = DimaParachute.collections;
				PRODUCT_NAME = "$(TARGET_NAME)";
				SWIFT_VERSION = 5.0;
				TARGETED_DEVICE_FAMILY = 1;
			};
			name = Release;
		};
		F36AF02D276123B0006578B2 /* Debug */ = {
			isa = XCBuildConfiguration;
			buildSettings = {
				BUNDLE_LOADER = "$(TEST_HOST)";
				CODE_SIGN_STYLE = Automatic;
				INFOPLIST_FILE = collectionsTests/Info.plist;
				LD_RUNPATH_SEARCH_PATHS = (
					"$(inherited)",
					"@executable_path/Frameworks",
					"@loader_path/Frameworks",
				);
				PRODUCT_BUNDLE_IDENTIFIER = DimaParachute.collectionsTests;
				PRODUCT_NAME = "$(TARGET_NAME)";
				SWIFT_VERSION = 5.0;
				TARGETED_DEVICE_FAMILY = "1,2";
				TEST_HOST = "$(BUILT_PRODUCTS_DIR)/collections.app/collections";
			};
			name = Debug;
		};
		F36AF02E276123B0006578B2 /* Release */ = {
			isa = XCBuildConfiguration;
			buildSettings = {
				BUNDLE_LOADER = "$(TEST_HOST)";
				CODE_SIGN_STYLE = Automatic;
				INFOPLIST_FILE = collectionsTests/Info.plist;
				LD_RUNPATH_SEARCH_PATHS = (
					"$(inherited)",
					"@executable_path/Frameworks",
					"@loader_path/Frameworks",
				);
				PRODUCT_BUNDLE_IDENTIFIER = DimaParachute.collectionsTests;
				PRODUCT_NAME = "$(TARGET_NAME)";
				SWIFT_VERSION = 5.0;
				TARGETED_DEVICE_FAMILY = "1,2";
				TEST_HOST = "$(BUILT_PRODUCTS_DIR)/collections.app/collections";
			};
			name = Release;
		};
		F36AF03C276123C7006578B2 /* Debug */ = {
			isa = XCBuildConfiguration;
			buildSettings = {
				CODE_SIGN_STYLE = Automatic;
				INFOPLIST_FILE = collectionsUITests/Info.plist;
				LD_RUNPATH_SEARCH_PATHS = (
					"$(inherited)",
					"@executable_path/Frameworks",
					"@loader_path/Frameworks",
				);
				PRODUCT_BUNDLE_IDENTIFIER = DimaParachute.collectionsUITests;
				PRODUCT_NAME = "$(TARGET_NAME)";
				SWIFT_VERSION = 5.0;
				TARGETED_DEVICE_FAMILY = "1,2";
				TEST_TARGET_NAME = collections;
			};
			name = Debug;
		};
		F36AF03D276123C7006578B2 /* Release */ = {
			isa = XCBuildConfiguration;
			buildSettings = {
				CODE_SIGN_STYLE = Automatic;
				INFOPLIST_FILE = collectionsUITests/Info.plist;
				LD_RUNPATH_SEARCH_PATHS = (
					"$(inherited)",
					"@executable_path/Frameworks",
					"@loader_path/Frameworks",
				);
				PRODUCT_BUNDLE_IDENTIFIER = DimaParachute.collectionsUITests;
				PRODUCT_NAME = "$(TARGET_NAME)";
				SWIFT_VERSION = 5.0;
				TARGETED_DEVICE_FAMILY = "1,2";
				TEST_TARGET_NAME = collections;
			};
			name = Release;
		};
/* End XCBuildConfiguration section */

/* Begin XCConfigurationList section */
		F359FD6E274BE05D001AB406 /* Build configuration list for PBXProject "collections" */ = {
			isa = XCConfigurationList;
			buildConfigurations = (
				F359FD85274BE060001AB406 /* Debug */,
				F359FD86274BE060001AB406 /* Release */,
			);
			defaultConfigurationIsVisible = 0;
			defaultConfigurationName = Release;
		};
		F359FD87274BE060001AB406 /* Build configuration list for PBXNativeTarget "collections" */ = {
			isa = XCConfigurationList;
			buildConfigurations = (
				F359FD88274BE060001AB406 /* Debug */,
				F359FD89274BE060001AB406 /* Release */,
			);
			defaultConfigurationIsVisible = 0;
			defaultConfigurationName = Release;
		};
		F36AF02F276123B0006578B2 /* Build configuration list for PBXNativeTarget "collectionsTests" */ = {
			isa = XCConfigurationList;
			buildConfigurations = (
				F36AF02D276123B0006578B2 /* Debug */,
				F36AF02E276123B0006578B2 /* Release */,
			);
			defaultConfigurationIsVisible = 0;
			defaultConfigurationName = Release;
		};
		F36AF03B276123C7006578B2 /* Build configuration list for PBXNativeTarget "collectionsUITests" */ = {
			isa = XCConfigurationList;
			buildConfigurations = (
				F36AF03C276123C7006578B2 /* Debug */,
				F36AF03D276123C7006578B2 /* Release */,
			);
			defaultConfigurationIsVisible = 0;
			defaultConfigurationName = Release;
		};
/* End XCConfigurationList section */
	};
	rootObject = F359FD6B274BE05D001AB406 /* Project object */;
}
